# This file is automatically @generated by Poetry and should be me manually updated.
# Lockfile for FinTechHub Platform dependencies

[[package]]
name = "flask"
version = "3.0.3"
description = "A simple framework for building complex web applications."
category = "main"
optional = false
python-versions = ">=3.8"

[[package]]
name = "werkzeug"
version = "3.0.3"
description = "The comprehensive WSGI web application library."
category = "main"
optional = false
python-versions = ">=3.8"

[[package]]
name = "jinja2"
version = "3.1.4"
description = "A very fast and expressive template engine."
category = "main"
optional = false
python-versions = ">=3.7"

[[package]]
name = "pandas"
version = "2.2.2"
description = "Powerful data structures for data analysis, time series, and statistics."
category = "main"
optional = false
python-versions = ">=3.9"

[[package]]
name = "numpy"
version = "1.26.4"
description = "Fundamental package for array computing in Python."
category = "main"
optional = false
python-versions = ">=3.9"

[[package]]
name = "scikit-learn"
version = "1.5.0"
description = "A set of python modules for machine learning and data mining."
category = "main"
optional = false
python-versions = ">=3.9"

[metadata]
lock-version = "2.0"
python-versions = "^3.10"
content-hash = "4045f8e9185a73e670273a5a8e0d6b5b501867c48f86f7b19812543b59a930"
